
Microsoft Visual Studio Solution File, Format Version 12.00
# Visual Studio Version 17
VisualStudioVersion = 17.13.35825.156 d17.13
MinimumVisualStudioVersion = 10.0.40219.1
Project("{FAE04EC0-301F-11D3-BF4B-00C04F79EFBC}") = "Aula05", "Aula05\Aula05.csproj", "{26F47B9D-798D-4973-9A87-962B11BA9539}"
EndProject
Project("{FAE04EC0-301F-11D3-BF4B-00C04F79EFBC}") = "Model", "Model\Model.csproj", "{23CD768E-CFFC-4819-8816-24C59DC22B40}"
EndProject
Project("{FAE04EC0-301F-11D3-BF4B-00C04F79EFBC}") = "Repository", "Repository\Repository.csproj", "{772C094D-E01F-42AB-B7AF-A68949A1884A}"
EndProject
Global
	GlobalSection(SolutionConfigurationPlatforms) = preSolution
		Debug|Any CPU = Debug|Any CPU
		Release|Any CPU = Release|Any CPU
	EndGlobalSection
	GlobalSection(ProjectConfigurationPlatforms) = postSolution
		{26F47B9D-798D-4973-9A87-962B11BA9539}.Debug|Any CPU.ActiveCfg = Debug|Any CPU
		{26F47B9D-798D-4973-9A87-962B11BA9539}.Debug|Any CPU.Build.0 = Debug|Any CPU
		{26F47B9D-798D-4973-9A87-962B11BA9539}.Release|Any CPU.ActiveCfg = Release|Any CPU
		{26F47B9D-798D-4973-9A87-962B11BA9539}.Release|Any CPU.Build.0 = Release|Any CPU
		{23CD768E-CFFC-4819-8816-24C59DC22B40}.Debug|Any CPU.ActiveCfg = Debug|Any CPU
		{23CD768E-CFFC-4819-8816-24C59DC22B40}.Debug|Any CPU.Build.0 = Debug|Any CPU
		{23CD768E-CFFC-4819-8816-24C59DC22B40}.Release|Any CPU.ActiveCfg = Release|Any CPU
		{23CD768E-CFFC-4819-8816-24C59DC22B40}.Release|Any CPU.Build.0 = Release|Any CPU
		{772C094D-E01F-42AB-B7AF-A68949A1884A}.Debug|Any CPU.ActiveCfg = Debug|Any CPU
		{772C094D-E01F-42AB-B7AF-A68949A1884A}.Debug|Any CPU.Build.0 = Debug|Any CPU
		{772C094D-E01F-42AB-B7AF-A68949A1884A}.Release|Any CPU.ActiveCfg = Release|Any CPU
		{772C094D-E01F-42AB-B7AF-A68949A1884A}.Release|Any CPU.Build.0 = Release|Any CPU
	EndGlobalSection
	GlobalSection(SolutionProperties) = preSolution
		HideSolutionNode = FALSE
	EndGlobalSection
	GlobalSection(ExtensibilityGlobals) = postSolution
		SolutionGuid = {FD1425D4-CA00-4CFF-A613-24324EA15EBB}
	EndGlobalSection
EndGlobal
