
Microsoft Visual Studio Solution File, Format Version 12.00
# Visual Studio Version 17
VisualStudioVersion = 17.13.35825.156 d17.13
MinimumVisualStudioVersion = 10.0.40219.1
Project("{FAE04EC0-301F-11D3-BF4B-00C04F79EFBC}") = "Jogo", "Jogo\Jogo.csproj", "{F8236E86-08B3-4E33-910B-B9389066AD79}"
EndProject
Global
	GlobalSection(SolutionConfigurationPlatforms) = preSolution
		Debug|Any CPU = Debug|Any CPU
		Release|Any CPU = Release|Any CPU
	EndGlobalSection
	GlobalSection(ProjectConfigurationPlatforms) = postSolution
		{F8236E86-08B3-4E33-910B-B9389066AD79}.Debug|Any CPU.ActiveCfg = Debug|Any CPU
		{F8236E86-08B3-4E33-910B-B9389066AD79}.Debug|Any CPU.Build.0 = Debug|Any CPU
		{F8236E86-08B3-4E33-910B-B9389066AD79}.Release|Any CPU.ActiveCfg = Release|Any CPU
		{F8236E86-08B3-4E33-910B-B9389066AD79}.Release|Any CPU.Build.0 = Release|Any CPU
	EndGlobalSection
	GlobalSection(SolutionProperties) = preSolution
		HideSolutionNode = FALSE
	EndGlobalSection
	GlobalSection(ExtensibilityGlobals) = postSolution
		SolutionGuid = {2AC3EC07-98C6-4E59-8CBD-9717339DE109}
	EndGlobalSection
EndGlobal
