
Microsoft Visual Studio Solution File, Format Version 12.00
# Visual Studio Version 17
VisualStudioVersion = 17.13.35825.156
MinimumVisualStudioVersion = 10.0.40219.1
Project("{FAE04EC0-301F-11D3-BF4B-00C04F79EFBC}") = "Aula05", "Aula05\Aula05.csproj", "{5E1B4962-17A6-489C-9C04-232F4D348C1D}"
EndProject
Project("{FAE04EC0-301F-11D3-BF4B-00C04F79EFBC}") = "Model", "Model\Model.csproj", "{2AF80A0E-F8F5-4302-962F-CBB514284FF9}"
EndProject
Project("{FAE04EC0-301F-11D3-BF4B-00C04F79EFBC}") = "Repository", "Repository\Repository.csproj", "{8DCF16AA-5691-43B7-99A9-34B1F3E0C76E}"
EndProject
Global
	GlobalSection(SolutionConfigurationPlatforms) = preSolution
		Debug|Any CPU = Debug|Any CPU
		Release|Any CPU = Release|Any CPU
	EndGlobalSection
	GlobalSection(ProjectConfigurationPlatforms) = postSolution
		{5E1B4962-17A6-489C-9C04-232F4D348C1D}.Debug|Any CPU.ActiveCfg = Debug|Any CPU
		{5E1B4962-17A6-489C-9C04-232F4D348C1D}.Debug|Any CPU.Build.0 = Debug|Any CPU
		{5E1B4962-17A6-489C-9C04-232F4D348C1D}.Release|Any CPU.ActiveCfg = Release|Any CPU
		{5E1B4962-17A6-489C-9C04-232F4D348C1D}.Release|Any CPU.Build.0 = Release|Any CPU
		{2AF80A0E-F8F5-4302-962F-CBB514284FF9}.Debug|Any CPU.ActiveCfg = Debug|Any CPU
		{2AF80A0E-F8F5-4302-962F-CBB514284FF9}.Debug|Any CPU.Build.0 = Debug|Any CPU
		{2AF80A0E-F8F5-4302-962F-CBB514284FF9}.Release|Any CPU.ActiveCfg = Release|Any CPU
		{2AF80A0E-F8F5-4302-962F-CBB514284FF9}.Release|Any CPU.Build.0 = Release|Any CPU
		{8DCF16AA-5691-43B7-99A9-34B1F3E0C76E}.Debug|Any CPU.ActiveCfg = Debug|Any CPU
		{8DCF16AA-5691-43B7-99A9-34B1F3E0C76E}.Debug|Any CPU.Build.0 = Debug|Any CPU
		{8DCF16AA-5691-43B7-99A9-34B1F3E0C76E}.Release|Any CPU.ActiveCfg = Release|Any CPU
		{8DCF16AA-5691-43B7-99A9-34B1F3E0C76E}.Release|Any CPU.Build.0 = Release|Any CPU
	EndGlobalSection
	GlobalSection(SolutionProperties) = preSolution
		HideSolutionNode = FALSE
	EndGlobalSection
	GlobalSection(ExtensibilityGlobals) = postSolution
		SolutionGuid = {1CA59F72-4A92-4E6E-93BA-9C3D804E8E64}
	EndGlobalSection
EndGlobal
