
Microsoft Visual Studio Solution File, Format Version 12.00
# Visual Studio Version 17
VisualStudioVersion = 17.13.35825.156 d17.13
MinimumVisualStudioVersion = 10.0.40219.1
Project("{FAE04EC0-301F-11D3-BF4B-00C04F79EFBC}") = "Aula04_recursividade", "Aula04_recursividade\Aula04_recursividade.csproj", "{F04322B9-AEA9-4B82-93DE-91BD831618E8}"
EndProject
Global
	GlobalSection(SolutionConfigurationPlatforms) = preSolution
		Debug|Any CPU = Debug|Any CPU
		Release|Any CPU = Release|Any CPU
	EndGlobalSection
	GlobalSection(ProjectConfigurationPlatforms) = postSolution
		{F04322B9-AEA9-4B82-93DE-91BD831618E8}.Debug|Any CPU.ActiveCfg = Debug|Any CPU
		{F04322B9-AEA9-4B82-93DE-91BD831618E8}.Debug|Any CPU.Build.0 = Debug|Any CPU
		{F04322B9-AEA9-4B82-93DE-91BD831618E8}.Release|Any CPU.ActiveCfg = Release|Any CPU
		{F04322B9-AEA9-4B82-93DE-91BD831618E8}.Release|Any CPU.Build.0 = Release|Any CPU
	EndGlobalSection
	GlobalSection(SolutionProperties) = preSolution
		HideSolutionNode = FALSE
	EndGlobalSection
	GlobalSection(ExtensibilityGlobals) = postSolution
		SolutionGuid = {26942FE6-1F25-4AB5-9A5D-D168F7C03E51}
	EndGlobalSection
EndGlobal
