
Microsoft Visual Studio Solution File, Format Version 12.00
# Visual Studio Version 17
VisualStudioVersion = 17.13.35825.156 d17.13
MinimumVisualStudioVersion = 10.0.40219.1
Project("{FAE04EC0-301F-11D3-BF4B-00C04F79EFBC}") = "Aula02", "Aula02\Aula02.csproj", "{C88064C4-8407-4B04-A349-F3603DD74929}"
EndProject
Global
	GlobalSection(SolutionConfigurationPlatforms) = preSolution
		Debug|Any CPU = Debug|Any CPU
		Release|Any CPU = Release|Any CPU
	EndGlobalSection
	GlobalSection(ProjectConfigurationPlatforms) = postSolution
		{C88064C4-8407-4B04-A349-F3603DD74929}.Debug|Any CPU.ActiveCfg = Debug|Any CPU
		{C88064C4-8407-4B04-A349-F3603DD74929}.Debug|Any CPU.Build.0 = Debug|Any CPU
		{C88064C4-8407-4B04-A349-F3603DD74929}.Release|Any CPU.ActiveCfg = Release|Any CPU
		{C88064C4-8407-4B04-A349-F3603DD74929}.Release|Any CPU.Build.0 = Release|Any CPU
	EndGlobalSection
	GlobalSection(SolutionProperties) = preSolution
		HideSolutionNode = FALSE
	EndGlobalSection
	GlobalSection(ExtensibilityGlobals) = postSolution
		SolutionGuid = {980C8C05-14D3-40ED-BC6D-1A3AD6A8B5D9}
	EndGlobalSection
EndGlobal
